
Microsoft Visual Studio Solution File, Format Version 12.00
# Visual Studio Version 17
VisualStudioVersion = 17.8.34316.72
MinimumVisualStudioVersion = 10.0.40219.1
Project("{FAE04EC0-301F-11D3-BF4B-00C04F79EFBC}") = "iskolavalasztas", "iskolavalasztas\iskolavalasztas.csproj", "{75CDF39D-8EEF-4BFF-AACA-992C51B9CDFE}"
EndProject
Global
	GlobalSection(SolutionConfigurationPlatforms) = preSolution
		Debug|Any CPU = Debug|Any CPU
		Release|Any CPU = Release|Any CPU
	EndGlobalSection
	GlobalSection(ProjectConfigurationPlatforms) = postSolution
		{75CDF39D-8EEF-4BFF-AACA-992C51B9CDFE}.Debug|Any CPU.ActiveCfg = Debug|Any CPU
		{75CDF39D-8EEF-4BFF-AACA-992C51B9CDFE}.Debug|Any CPU.Build.0 = Debug|Any CPU
		{75CDF39D-8EEF-4BFF-AACA-992C51B9CDFE}.Release|Any CPU.ActiveCfg = Release|Any CPU
		{75CDF39D-8EEF-4BFF-AACA-992C51B9CDFE}.Release|Any CPU.Build.0 = Release|Any CPU
	EndGlobalSection
	GlobalSection(SolutionProperties) = preSolution
		HideSolutionNode = FALSE
	EndGlobalSection
	GlobalSection(ExtensibilityGlobals) = postSolution
		SolutionGuid = {8F22A382-1624-482D-A32C-4390FA87B176}
	EndGlobalSection
EndGlobal
